
Microsoft Visual Studio Solution File, Format Version 12.00
# Visual Studio Version 17
VisualStudioVersion = 17.11.35118.90
MinimumVisualStudioVersion = 10.0.40219.1
Project("{FAE04EC0-301F-11D3-BF4B-00C04F79EFBC}") = "CRUD with DataGridView", "CRUD with DataGridView.csproj", "{31D59F55-E2FD-4D39-A7A4-8CCE42AB3154}"
EndProject
Global
	GlobalSection(SolutionConfigurationPlatforms) = preSolution
		Debug|Any CPU = Debug|Any CPU
		Release|Any CPU = Release|Any CPU
	EndGlobalSection
	GlobalSection(ProjectConfigurationPlatforms) = postSolution
		{31D59F55-E2FD-4D39-A7A4-8CCE42AB3154}.Debug|Any CPU.ActiveCfg = Debug|Any CPU
		{31D59F55-E2FD-4D39-A7A4-8CCE42AB3154}.Debug|Any CPU.Build.0 = Debug|Any CPU
		{31D59F55-E2FD-4D39-A7A4-8CCE42AB3154}.Release|Any CPU.ActiveCfg = Release|Any CPU
		{31D59F55-E2FD-4D39-A7A4-8CCE42AB3154}.Release|Any CPU.Build.0 = Release|Any CPU
	EndGlobalSection
	GlobalSection(SolutionProperties) = preSolution
		HideSolutionNode = FALSE
	EndGlobalSection
	GlobalSection(ExtensibilityGlobals) = postSolution
		SolutionGuid = {EAAACB30-75AA-4202-80EE-B5EB5588E58F}
	EndGlobalSection
EndGlobal
